// !$*UTF8*$!
{
	archiveVersion = 1;
	classes = {
	};
	objectVersion = 46;
	objects = {

/* Begin PBXBuildFile section */
		02174D2618ED405200389D7B /* Foundation.framework in Frameworks */ = {isa = PBXBuildFile; fileRef = 02174D2518ED405200389D7B /* Foundation.framework */; };
		02174D2818ED405200389D7B /* CoreGraphics.framework in Frameworks */ = {isa = PBXBuildFile; fileRef = 02174D2718ED405200389D7B /* CoreGraphics.framework */; };
		02174D2A18ED405200389D7B /* UIKit.framework in Frameworks */ = {isa = PBXBuildFile; fileRef = 02174D2918ED405200389D7B /* UIKit.framework */; };
		02174D3018ED405200389D7B /* InfoPlist.strings in Resources */ = {isa = PBXBuildFile; fileRef = 02174D2E18ED405200389D7B /* InfoPlist.strings */; };
		02174D3218ED405200389D7B /* main.m in Sources */ = {isa = PBXBuildFile; fileRef = 02174D3118ED405200389D7B /* main.m */; };
		02174D3618ED405200389D7B /* AppDelegate.m in Sources */ = {isa = PBXBuildFile; fileRef = 02174D3518ED405200389D7B /* AppDelegate.m */; };
		02174D3918ED405200389D7B /* Main.storyboard in Resources */ = {isa = PBXBuildFile; fileRef = 02174D3718ED405200389D7B /* Main.storyboard */; };
		02174D3C18ED405200389D7B /* ProductTableViewController.m in Sources */ = {isa = PBXBuildFile; fileRef = 02174D3B18ED405200389D7B /* ProductTableViewController.m */; };
		02174D3E18ED405200389D7B /* Images.xcassets in Resources */ = {isa = PBXBuildFile; fileRef = 02174D3D18ED405200389D7B /* Images.xcassets */; };
		02174D4518ED405200389D7B /* XCTest.framework in Frameworks */ = {isa = PBXBuildFile; fileRef = 02174D4418ED405200389D7B /* XCTest.framework */; };
		02174D4618ED405200389D7B /* Foundation.framework in Frameworks */ = {isa = PBXBuildFile; fileRef = 02174D2518ED405200389D7B /* Foundation.framework */; };
		02174D4718ED405200389D7B /* UIKit.framework in Frameworks */ = {isa = PBXBuildFile; fileRef = 02174D2918ED405200389D7B /* UIKit.framework */; };
		02174D4F18ED405200389D7B /* InfoPlist.strings in Resources */ = {isa = PBXBuildFile; fileRef = 02174D4D18ED405200389D7B /* InfoPlist.strings */; };
		02174D5118ED405200389D7B /* ProductDatabaseTests.m in Sources */ = {isa = PBXBuildFile; fileRef = 02174D5018ED405200389D7B /* ProductDatabaseTests.m */; };
		02174D5C18ED406D00389D7B /* DatabaseManager.m in Sources */ = {isa = PBXBuildFile; fileRef = 02174D5B18ED406D00389D7B /* DatabaseManager.m */; };
		02174D5E18ED40A900389D7B /* libsqlite3.dylib in Frameworks */ = {isa = PBXBuildFile; fileRef = 02174D5D18ED40A900389D7B /* libsqlite3.dylib */; };
		02174D6118ED40CD00389D7B /* Product.m in Sources */ = {isa = PBXBuildFile; fileRef = 02174D6018ED40CD00389D7B /* Product.m */; };
		02174D6318ED471500389D7B /* MockData.json in Resources */ = {isa = PBXBuildFile; fileRef = 02174D6218ED471500389D7B /* MockData.json */; };
		02174D6618ED6F6300389D7B /* ProductDetailViewController.m in Sources */ = {isa = PBXBuildFile; fileRef = 02174D6518ED6F6300389D7B /* ProductDetailViewController.m */; };
/* End PBXBuildFile section */

/* Begin PBXContainerItemProxy section */
		02174D4818ED405200389D7B /* PBXContainerItemProxy */ = {
			isa = PBXContainerItemProxy;
			containerPortal = 02174D1A18ED405200389D7B /* Project object */;
			proxyType = 1;
			remoteGlobalIDString = 02174D2118ED405200389D7B;
			remoteInfo = ProductDatabase;
		};
/* End PBXContainerItemProxy section */

/* Begin PBXFileReference section */
		02174D2218ED405200389D7B /* ProductDatabase.app */ = {isa = PBXFileReference; explicitFileType = wrapper.application; includeInIndex = 0; path = ProductDatabase.app; sourceTree = BUILT_PRODUCTS_DIR; };
		02174D2518ED405200389D7B /* Foundation.framework */ = {isa = PBXFileReference; lastKnownFileType = wrapper.framework; name = Foundation.framework; path = System/Library/Frameworks/Foundation.framework; sourceTree = SDKROOT; };
		02174D2718ED405200389D7B /* CoreGraphics.framework */ = {isa = PBXFileReference; lastKnownFileType = wrapper.framework; name = CoreGraphics.framework; path = System/Library/Frameworks/CoreGraphics.framework; sourceTree = SDKROOT; };
		02174D2918ED405200389D7B /* UIKit.framework */ = {isa = PBXFileReference; lastKnownFileType = wrapper.framework; name = UIKit.framework; path = System/Library/Frameworks/UIKit.framework; sourceTree = SDKROOT; };
		02174D2D18ED405200389D7B /* ProductDatabase-Info.plist */ = {isa = PBXFileReference; lastKnownFileType = text.plist.xml; path = "ProductDatabase-Info.plist"; sourceTree = "<group>"; };
		02174D2F18ED405200389D7B /* en */ = {isa = PBXFileReference; lastKnownFileType = text.plist.strings; name = en; path = en.lproj/InfoPlist.strings; sourceTree = "<group>"; };
		02174D3118ED405200389D7B /* main.m */ = {isa = PBXFileReference; lastKnownFileType = sourcecode.c.objc; path = main.m; sourceTree = "<group>"; };
		02174D3318ED405200389D7B /* ProductDatabase-Prefix.pch */ = {isa = PBXFileReference; lastKnownFileType = sourcecode.c.h; path = "ProductDatabase-Prefix.pch"; sourceTree = "<group>"; };
		02174D3418ED405200389D7B /* AppDelegate.h */ = {isa = PBXFileReference; lastKnownFileType = sourcecode.c.h; path = AppDelegate.h; sourceTree = "<group>"; };
		02174D3518ED405200389D7B /* AppDelegate.m */ = {isa = PBXFileReference; lastKnownFileType = sourcecode.c.objc; path = AppDelegate.m; sourceTree = "<group>"; };
		02174D3818ED405200389D7B /* Base */ = {isa = PBXFileReference; lastKnownFileType = file.storyboard; name = Base; path = Base.lproj/Main.storyboard; sourceTree = "<group>"; };
		02174D3A18ED405200389D7B /* ProductTableViewController.h */ = {isa = PBXFileReference; lastKnownFileType = sourcecode.c.h; path = ProductTableViewController.h; sourceTree = "<group>"; };
		02174D3B18ED405200389D7B /* ProductTableViewController.m */ = {isa = PBXFileReference; lastKnownFileType = sourcecode.c.objc; path = ProductTableViewController.m; sourceTree = "<group>"; };
		02174D3D18ED405200389D7B /* Images.xcassets */ = {isa = PBXFileReference; lastKnownFileType = folder.assetcatalog; path = Images.xcassets; sourceTree = "<group>"; };
		02174D4318ED405200389D7B /* ProductDatabaseTests.xctest */ = {isa = PBXFileReference; explicitFileType = wrapper.cfbundle; includeInIndex = 0; path = ProductDatabaseTests.xctest; sourceTree = BUILT_PRODUCTS_DIR; };
		02174D4418ED405200389D7B /* XCTest.framework */ = {isa = PBXFileReference; lastKnownFileType = wrapper.framework; name = XCTest.framework; path = Library/Frameworks/XCTest.framework; sourceTree = DEVELOPER_DIR; };
		02174D4C18ED405200389D7B /* ProductDatabaseTests-Info.plist */ = {isa = PBXFileReference; lastKnownFileType = text.plist.xml; path = "ProductDatabaseTests-Info.plist"; sourceTree = "<group>"; };
		02174D4E18ED405200389D7B /* en */ = {isa = PBXFileReference; lastKnownFileType = text.plist.strings; name = en; path = en.lproj/InfoPlist.strings; sourceTree = "<group>"; };
		02174D5018ED405200389D7B /* ProductDatabaseTests.m */ = {isa = PBXFileReference; lastKnownFileType = sourcecode.c.objc; path = ProductDatabaseTests.m; sourceTree = "<group>"; };
		02174D5A18ED406D00389D7B /* DatabaseManager.h */ = {isa = PBXFileReference; fileEncoding = 4; lastKnownFileType = sourcecode.c.h; path = DatabaseManager.h; sourceTree = "<group>"; };
		02174D5B18ED406D00389D7B /* DatabaseManager.m */ = {isa = PBXFileReference; fileEncoding = 4; lastKnownFileType = sourcecode.c.objc; path = DatabaseManager.m; sourceTree = "<group>"; };
		02174D5D18ED40A900389D7B /* libsqlite3.dylib */ = {isa = PBXFileReference; lastKnownFileType = "compiled.mach-o.dylib"; name = libsqlite3.dylib; path = usr/lib/libsqlite3.dylib; sourceTree = SDKROOT; };
		02174D5F18ED40CD00389D7B /* Product.h */ = {isa = PBXFileReference; fileEncoding = 4; lastKnownFileType = sourcecode.c.h; path = Product.h; sourceTree = "<group>"; };
		02174D6018ED40CD00389D7B /* Product.m */ = {isa = PBXFileReference; fileEncoding = 4; lastKnownFileType = sourcecode.c.objc; path = Product.m; sourceTree = "<group>"; };
		02174D6218ED471500389D7B /* MockData.json */ = {isa = PBXFileReference; fileEncoding = 4; lastKnownFileType = text.json; path = MockData.json; sourceTree = "<group>"; };
		02174D6418ED6F6300389D7B /* ProductDetailViewController.h */ = {isa = PBXFileReference; fileEncoding = 4; lastKnownFileType = sourcecode.c.h; path = ProductDetailViewController.h; sourceTree = "<group>"; };
		02174D6518ED6F6300389D7B /* ProductDetailViewController.m */ = {isa = PBXFileReference; fileEncoding = 4; lastKnownFileType = sourcecode.c.objc; path = ProductDetailViewController.m; sourceTree = "<group>"; };
/* End PBXFileReference section */

/* Begin PBXFrameworksBuildPhase section */
		02174D1F18ED405200389D7B /* Frameworks */ = {
			isa = PBXFrameworksBuildPhase;
			buildActionMask = 2147483647;
			files = (
				02174D5E18ED40A900389D7B /* libsqlite3.dylib in Frameworks */,
				02174D2818ED405200389D7B /* CoreGraphics.framework in Frameworks */,
				02174D2A18ED405200389D7B /* UIKit.framework in Frameworks */,
				02174D2618ED405200389D7B /* Foundation.framework in Frameworks */,
			);
			runOnlyForDeploymentPostprocessing = 0;
		};
		02174D4018ED405200389D7B /* Frameworks */ = {
			isa = PBXFrameworksBuildPhase;
			buildActionMask = 2147483647;
			files = (
				02174D4518ED405200389D7B /* XCTest.framework in Frameworks */,
				02174D4718ED405200389D7B /* UIKit.framework in Frameworks */,
				02174D4618ED405200389D7B /* Foundation.framework in Frameworks */,
			);
			runOnlyForDeploymentPostprocessing = 0;
		};
/* End PBXFrameworksBuildPhase section */

/* Begin PBXGroup section */
		02174D1918ED405200389D7B = {
			isa = PBXGroup;
			children = (
				02174D2B18ED405200389D7B /* ProductDatabase */,
				02174D4A18ED405200389D7B /* ProductDatabaseTests */,
				02174D2418ED405200389D7B /* Frameworks */,
				02174D2318ED405200389D7B /* Products */,
			);
			sourceTree = "<group>";
		};
		02174D2318ED405200389D7B /* Products */ = {
			isa = PBXGroup;
			children = (
				02174D2218ED405200389D7B /* ProductDatabase.app */,
				02174D4318ED405200389D7B /* ProductDatabaseTests.xctest */,
			);
			name = Products;
			sourceTree = "<group>";
		};
		02174D2418ED405200389D7B /* Frameworks */ = {
			isa = PBXGroup;
			children = (
				02174D5D18ED40A900389D7B /* libsqlite3.dylib */,
				02174D2518ED405200389D7B /* Foundation.framework */,
				02174D2718ED405200389D7B /* CoreGraphics.framework */,
				02174D2918ED405200389D7B /* UIKit.framework */,
				02174D4418ED405200389D7B /* XCTest.framework */,
			);
			name = Frameworks;
			sourceTree = "<group>";
		};
		02174D2B18ED405200389D7B /* ProductDatabase */ = {
			isa = PBXGroup;
			children = (
				02174D3418ED405200389D7B /* AppDelegate.h */,
				02174D3518ED405200389D7B /* AppDelegate.m */,
				02174D3718ED405200389D7B /* Main.storyboard */,
				02174D3A18ED405200389D7B /* ProductTableViewController.h */,
				02174D3B18ED405200389D7B /* ProductTableViewController.m */,
				02174D3D18ED405200389D7B /* Images.xcassets */,
				02174D2C18ED405200389D7B /* Supporting Files */,
				02174D5A18ED406D00389D7B /* DatabaseManager.h */,
				02174D5B18ED406D00389D7B /* DatabaseManager.m */,
				02174D5F18ED40CD00389D7B /* Product.h */,
				02174D6018ED40CD00389D7B /* Product.m */,
				02174D6418ED6F6300389D7B /* ProductDetailViewController.h */,
				02174D6518ED6F6300389D7B /* ProductDetailViewController.m */,
			);
			path = ProductDatabase;
			sourceTree = "<group>";
		};
		02174D2C18ED405200389D7B /* Supporting Files */ = {
			isa = PBXGroup;
			children = (
				02174D6218ED471500389D7B /* MockData.json */,
				02174D2D18ED405200389D7B /* ProductDatabase-Info.plist */,
				02174D2E18ED405200389D7B /* InfoPlist.strings */,
				02174D3118ED405200389D7B /* main.m */,
				02174D3318ED405200389D7B /* ProductDatabase-Prefix.pch */,
			);
			name = "Supporting Files";
			sourceTree = "<group>";
		};
		02174D4A18ED405200389D7B /* ProductDatabaseTests */ = {
			isa = PBXGroup;
			children = (
				02174D5018ED405200389D7B /* ProductDatabaseTests.m */,
				02174D4B18ED405200389D7B /* Supporting Files */,
			);
			path = ProductDatabaseTests;
			sourceTree = "<group>";
		};
		02174D4B18ED405200389D7B /* Supporting Files */ = {
			isa = PBXGroup;
			children = (
				02174D4C18ED405200389D7B /* ProductDatabaseTests-Info.plist */,
				02174D4D18ED405200389D7B /* InfoPlist.strings */,
			);
			name = "Supporting Files";
			sourceTree = "<group>";
		};
/* End PBXGroup section */

/* Begin PBXNativeTarget section */
		02174D2118ED405200389D7B /* ProductDatabase */ = {
			isa = PBXNativeTarget;
			buildConfigurationList = 02174D5418ED405200389D7B /* Build configuration list for PBXNativeTarget "ProductDatabase" */;
			buildPhases = (
				02174D1E18ED405200389D7B /* Sources */,
				02174D1F18ED405200389D7B /* Frameworks */,
				02174D2018ED405200389D7B /* Resources */,
			);
			buildRules = (
			);
			dependencies = (
			);
			name = ProductDatabase;
			productName = ProductDatabase;
			productReference = 02174D2218ED405200389D7B /* ProductDatabase.app */;
			productType = "com.apple.product-type.application";
		};
		02174D4218ED405200389D7B /* ProductDatabaseTests */ = {
			isa = PBXNativeTarget;
			buildConfigurationList = 02174D5718ED405200389D7B /* Build configuration list for PBXNativeTarget "ProductDatabaseTests" */;
			buildPhases = (
				02174D3F18ED405200389D7B /* Sources */,
				02174D4018ED405200389D7B /* Frameworks */,
				02174D4118ED405200389D7B /* Resources */,
			);
			buildRules = (
			);
			dependencies = (
				02174D4918ED405200389D7B /* PBXTargetDependency */,
			);
			name = ProductDatabaseTests;
			productName = ProductDatabaseTests;
			productReference = 02174D4318ED405200389D7B /* ProductDatabaseTests.xctest */;
			productType = "com.apple.product-type.bundle.unit-test";
		};
/* End PBXNativeTarget section */

/* Begin PBXProject section */
		02174D1A18ED405200389D7B /* Project object */ = {
			isa = PBXProject;
			attributes = {
				LastUpgradeCheck = 0510;
				ORGANIZATIONNAME = BrotoMan;
				TargetAttributes = {
					02174D4218ED405200389D7B = {
						TestTargetID = 02174D2118ED405200389D7B;
					};
				};
			};
			buildConfigurationList = 02174D1D18ED405200389D7B /* Build configuration list for PBXProject "ProductDatabase" */;
			compatibilityVersion = "Xcode 3.2";
			developmentRegion = English;
			hasScannedForEncodings = 0;
			knownRegions = (
				en,
				Base,
			);
			mainGroup = 02174D1918ED405200389D7B;
			productRefGroup = 02174D2318ED405200389D7B /* Products */;
			projectDirPath = "";
			projectRoot = "";
			targets = (
				02174D2118ED405200389D7B /* ProductDatabase */,
				02174D4218ED405200389D7B /* ProductDatabaseTests */,
			);
		};
/* End PBXProject section */

/* Begin PBXResourcesBuildPhase section */
		02174D2018ED405200389D7B /* Resources */ = {
			isa = PBXResourcesBuildPhase;
			buildActionMask = 2147483647;
			files = (
				02174D3E18ED405200389D7B /* Images.xcassets in Resources */,
				02174D6318ED471500389D7B /* MockData.json in Resources */,
				02174D3018ED405200389D7B /* InfoPlist.strings in Resources */,
				02174D3918ED405200389D7B /* Main.storyboard in Resources */,
			);
			runOnlyForDeploymentPostprocessing = 0;
		};
		02174D4118ED405200389D7B /* Resources */ = {
			isa = PBXResourcesBuildPhase;
			buildActionMask = 2147483647;
			files = (
				02174D4F18ED405200389D7B /* InfoPlist.strings in Resources */,
			);
			runOnlyForDeploymentPostprocessing = 0;
		};
/* End PBXResourcesBuildPhase section */

/* Begin PBXSourcesBuildPhase section */
		02174D1E18ED405200389D7B /* Sources */ = {
			isa = PBXSourcesBuildPhase;
			buildActionMask = 2147483647;
			files = (
				02174D5C18ED406D00389D7B /* DatabaseManager.m in Sources */,
				02174D6118ED40CD00389D7B /* Product.m in Sources */,
				02174D3C18ED405200389D7B /* ProductTableViewController.m in Sources */,
				02174D6618ED6F6300389D7B /* ProductDetailViewController.m in Sources */,
				02174D3618ED405200389D7B /* AppDelegate.m in Sources */,
				02174D3218ED405200389D7B /* main.m in Sources */,
			);
			runOnlyForDeploymentPostprocessing = 0;
		};
		02174D3F18ED405200389D7B /* Sources */ = {
			isa = PBXSourcesBuildPhase;
			buildActionMask = 2147483647;
			files = (
				02174D5118ED405200389D7B /* ProductDatabaseTests.m in Sources */,
			);
			runOnlyForDeploymentPostprocessing = 0;
		};
/* End PBXSourcesBuildPhase section */

/* Begin PBXTargetDependency section */
		02174D4918ED405200389D7B /* PBXTargetDependency */ = {
			isa = PBXTargetDependency;
			target = 02174D2118ED405200389D7B /* ProductDatabase */;
			targetProxy = 02174D4818ED405200389D7B /* PBXContainerItemProxy */;
		};
/* End PBXTargetDependency section */

/* Begin PBXVariantGroup section */
		02174D2E18ED405200389D7B /* InfoPlist.strings */ = {
			isa = PBXVariantGroup;
			children = (
				02174D2F18ED405200389D7B /* en */,
			);
			name = InfoPlist.strings;
			sourceTree = "<group>";
		};
		02174D3718ED405200389D7B /* Main.storyboard */ = {
			isa = PBXVariantGroup;
			children = (
				02174D3818ED405200389D7B /* Base */,
			);
			name = Main.storyboard;
			sourceTree = "<group>";
		};
		02174D4D18ED405200389D7B /* InfoPlist.strings */ = {
			isa = PBXVariantGroup;
			children = (
				02174D4E18ED405200389D7B /* en */,
			);
			name = InfoPlist.strings;
			sourceTree = "<group>";
		};
/* End PBXVariantGroup section */

/* Begin XCBuildConfiguration section */
		02174D5218ED405200389D7B /* Debug */ = {
			isa = XCBuildConfiguration;
			buildSettings = {
				ALWAYS_SEARCH_USER_PATHS = NO;
				CLANG_CXX_LANGUAGE_STANDARD = "gnu++0x";
				CLANG_CXX_LIBRARY = "libc++";
				CLANG_ENABLE_MODULES = YES;
				CLANG_ENABLE_OBJC_ARC = YES;
				CLANG_WARN_BOOL_CONVERSION = YES;
				CLANG_WARN_CONSTANT_CONVERSION = YES;
				CLANG_WARN_DIRECT_OBJC_ISA_USAGE = YES_ERROR;
				CLANG_WARN_EMPTY_BODY = YES;
				CLANG_WARN_ENUM_CONVERSION = YES;
				CLANG_WARN_INT_CONVERSION = YES;
				CLANG_WARN_OBJC_ROOT_CLASS = YES_ERROR;
				CLANG_WARN__DUPLICATE_METHOD_MATCH = YES;
				"CODE_SIGN_IDENTITY[sdk=iphoneos*]" = "iPhone Developer";
				COPY_PHASE_STRIP = NO;
				GCC_C_LANGUAGE_STANDARD = gnu99;
				GCC_DYNAMIC_NO_PIC = NO;
				GCC_OPTIMIZATION_LEVEL = 0;
				GCC_PREPROCESSOR_DEFINITIONS = (
					"DEBUG=1",
					"$(inherited)",
				);
				GCC_SYMBOLS_PRIVATE_EXTERN = NO;
				GCC_WARN_64_TO_32_BIT_CONVERSION = YES;
				GCC_WARN_ABOUT_RETURN_TYPE = YES_ERROR;
				GCC_WARN_UNDECLARED_SELECTOR = YES;
				GCC_WARN_UNINITIALIZED_AUTOS = YES_AGGRESSIVE;
				GCC_WARN_UNUSED_FUNCTION = YES;
				GCC_WARN_UNUSED_VARIABLE = YES;
				IPHONEOS_DEPLOYMENT_TARGET = 7.1;
				ONLY_ACTIVE_ARCH = YES;
				SDKROOT = iphoneos;
			};
			name = Debug;
		};
		02174D5318ED405200389D7B /* Release */ = {
			isa = XCBuildConfiguration;
			buildSettings = {
				ALWAYS_SEARCH_USER_PATHS = NO;
				CLANG_CXX_LANGUAGE_STANDARD = "gnu++0x";
				CLANG_CXX_LIBRARY = "libc++";
				CLANG_ENABLE_MODULES = YES;
				CLANG_ENABLE_OBJC_ARC = YES;
				CLANG_WARN_BOOL_CONVERSION = YES;
				CLANG_WARN_CONSTANT_CONVERSION = YES;
				CLANG_WARN_DIRECT_OBJC_ISA_USAGE = YES_ERROR;
				CLANG_WARN_EMPTY_BODY = YES;
				CLANG_WARN_ENUM_CONVERSION = YES;
				CLANG_WARN_INT_CONVERSION = YES;
				CLANG_WARN_OBJC_ROOT_CLASS = YES_ERROR;
				CLANG_WARN__DUPLICATE_METHOD_MATCH = YES;
				"CODE_SIGN_IDENTITY[sdk=iphoneos*]" = "iPhone Developer";
				COPY_PHASE_STRIP = YES;
				ENABLE_NS_ASSERTIONS = NO;
				GCC_C_LANGUAGE_STANDARD = gnu99;
				GCC_WARN_64_TO_32_BIT_CONVERSION = YES;
				GCC_WARN_ABOUT_RETURN_TYPE = YES_ERROR;
				GCC_WARN_UNDECLARED_SELECTOR = YES;
				GCC_WARN_UNINITIALIZED_AUTOS = YES_AGGRESSIVE;
				GCC_WARN_UNUSED_FUNCTION = YES;
				GCC_WARN_UNUSED_VARIABLE = YES;
				IPHONEOS_DEPLOYMENT_TARGET = 7.1;
				SDKROOT = iphoneos;
				VALIDATE_PRODUCT = YES;
			};
			name = Release;
		};
		02174D5518ED405200389D7B /* Debug */ = {
			isa = XCBuildConfiguration;
			buildSettings = {
				ASSETCATALOG_COMPILER_APPICON_NAME = AppIcon;
				ASSETCATALOG_COMPILER_LAUNCHIMAGE_NAME = LaunchImage;
				GCC_PRECOMPILE_PREFIX_HEADER = YES;
				GCC_PREFIX_HEADER = "ProductDatabase/ProductDatabase-Prefix.pch";
				INFOPLIST_FILE = "ProductDatabase/ProductDatabase-Info.plist";
				IPHONEOS_DEPLOYMENT_TARGET = 6.0;
				PRODUCT_NAME = "$(TARGET_NAME)";
				WRAPPER_EXTENSION = app;
			};
			name = Debug;
		};
		02174D5618ED405200389D7B /* Release */ = {
			isa = XCBuildConfiguration;
			buildSettings = {
				ASSETCATALOG_COMPILER_APPICON_NAME = AppIcon;
				ASSETCATALOG_COMPILER_LAUNCHIMAGE_NAME = LaunchImage;
				GCC_PRECOMPILE_PREFIX_HEADER = YES;
				GCC_PREFIX_HEADER = "ProductDatabase/ProductDatabase-Prefix.pch";
				INFOPLIST_FILE = "ProductDatabase/ProductDatabase-Info.plist";
				IPHONEOS_DEPLOYMENT_TARGET = 6.0;
				PRODUCT_NAME = "$(TARGET_NAME)";
				WRAPPER_EXTENSION = app;
			};
			name = Release;
		};
		02174D5818ED405200389D7B /* Debug */ = {
			isa = XCBuildConfiguration;
			buildSettings = {
				BUNDLE_LOADER = "$(BUILT_PRODUCTS_DIR)/ProductDatabase.app/ProductDatabase";
				FRAMEWORK_SEARCH_PATHS = (
					"$(SDKROOT)/Developer/Library/Frameworks",
					"$(inherited)",
					"$(DEVELOPER_FRAMEWORKS_DIR)",
				);
				GCC_PRECOMPILE_PREFIX_HEADER = YES;
				GCC_PREFIX_HEADER = "ProductDatabase/ProductDatabase-Prefix.pch";
				GCC_PREPROCESSOR_DEFINITIONS = (
					"DEBUG=1",
					"$(inherited)",
				);
				INFOPLIST_FILE = "ProductDatabaseTests/ProductDatabaseTests-Info.plist";
				PRODUCT_NAME = "$(TARGET_NAME)";
				TEST_HOST = "$(BUNDLE_LOADER)";
				WRAPPER_EXTENSION = xctest;
			};
			name = Debug;
		};
		02174D5918ED405200389D7B /* Release */ = {
			isa = XCBuildConfiguration;
			buildSettings = {
				BUNDLE_LOADER = "$(BUILT_PRODUCTS_DIR)/ProductDatabase.app/ProductDatabase";
				FRAMEWORK_SEARCH_PATHS = (
					"$(SDKROOT)/Developer/Library/Frameworks",
					"$(inherited)",
					"$(DEVELOPER_FRAMEWORKS_DIR)",
				);
				GCC_PRECOMPILE_PREFIX_HEADER = YES;
				GCC_PREFIX_HEADER = "ProductDatabase/ProductDatabase-Prefix.pch";
				INFOPLIST_FILE = "ProductDatabaseTests/ProductDatabaseTests-Info.plist";
				PRODUCT_NAME = "$(TARGET_NAME)";
				TEST_HOST = "$(BUNDLE_LOADER)";
				WRAPPER_EXTENSION = xctest;
			};
			name = Release;
		};
/* End XCBuildConfiguration section */

/* Begin XCConfigurationList section */
		02174D1D18ED405200389D7B /* Build configuration list for PBXProject "ProductDatabase" */ = {
			isa = XCConfigurationList;
			buildConfigurations = (
				02174D5218ED405200389D7B /* Debug */,
				02174D5318ED405200389D7B /* Release */,
			);
			defaultConfigurationIsVisible = 0;
			defaultConfigurationName = Release;
		};
		02174D5418ED405200389D7B /* Build configuration list for PBXNativeTarget "ProductDatabase" */ = {
			isa = XCConfigurationList;
			buildConfigurations = (
				02174D5518ED405200389D7B /* Debug */,
				02174D5618ED405200389D7B /* Release */,
			);
			defaultConfigurationIsVisible = 0;
		};
		02174D5718ED405200389D7B /* Build configuration list for PBXNativeTarget "ProductDatabaseTests" */ = {
			isa = XCConfigurationList;
			buildConfigurations = (
				02174D5818ED405200389D7B /* Debug */,
				02174D5918ED405200389D7B /* Release */,
			);
			defaultConfigurationIsVisible = 0;
		};
/* End XCConfigurationList section */
	};
	rootObject = 02174D1A18ED405200389D7B /* Project object */;
}
